
Microsoft Visual Studio Solution File, Format Version 12.00
# Visual Studio Version 17
VisualStudioVersion = 17.6.33829.357
MinimumVisualStudioVersion = 10.0.40219.1
Project("{FAE04EC0-301F-11D3-BF4B-00C04F79EFBC}") = "ConsoleAppFIRST", "ConsoleAppFIRST\ConsoleAppFIRST.csproj", "{868FCB06-255C-40BC-8F49-649F56A24D55}"
EndProject
Global
	GlobalSection(SolutionConfigurationPlatforms) = preSolution
		Debug|Any CPU = Debug|Any CPU
		Release|Any CPU = Release|Any CPU
	EndGlobalSection
	GlobalSection(ProjectConfigurationPlatforms) = postSolution
		{868FCB06-255C-40BC-8F49-649F56A24D55}.Debug|Any CPU.ActiveCfg = Debug|Any CPU
		{868FCB06-255C-40BC-8F49-649F56A24D55}.Debug|Any CPU.Build.0 = Debug|Any CPU
		{868FCB06-255C-40BC-8F49-649F56A24D55}.Release|Any CPU.ActiveCfg = Release|Any CPU
		{868FCB06-255C-40BC-8F49-649F56A24D55}.Release|Any CPU.Build.0 = Release|Any CPU
	EndGlobalSection
	GlobalSection(SolutionProperties) = preSolution
		HideSolutionNode = FALSE
	EndGlobalSection
	GlobalSection(ExtensibilityGlobals) = postSolution
		SolutionGuid = {025CF6E3-CAF6-400C-A5D5-B04C444B87AC}
	EndGlobalSection
EndGlobal
